// !$*UTF8*$!
{
	archiveVersion = 1;
	classes = {
	};
	objectVersion = 46;
	objects = {

/* Begin PBXBuildFile section */
		61B4CEDE1ABD099F00699187 /* ScanController.swift in Sources */ = {isa = PBXBuildFile; fileRef = 61B4CEDD1ABD099F00699187 /* ScanController.swift */; };
		61B4CEE01ABD0D3D00699187 /* ChooseDeviceController.swift in Sources */ = {isa = PBXBuildFile; fileRef = 61B4CEDF1ABD0D3D00699187 /* ChooseDeviceController.swift */; };
		61DE6D471AB909070086B1C3 /* AppDelegate.swift in Sources */ = {isa = PBXBuildFile; fileRef = 61DE6D461AB909070086B1C3 /* AppDelegate.swift */; };
		61DE6D491AB909070086B1C3 /* RemoteController.swift in Sources */ = {isa = PBXBuildFile; fileRef = 61DE6D481AB909070086B1C3 /* RemoteController.swift */; };
		61DE6D4C1AB909070086B1C3 /* Main.storyboard in Resources */ = {isa = PBXBuildFile; fileRef = 61DE6D4A1AB909070086B1C3 /* Main.storyboard */; };
		61DE6D4E1AB909070086B1C3 /* Images.xcassets in Resources */ = {isa = PBXBuildFile; fileRef = 61DE6D4D1AB909070086B1C3 /* Images.xcassets */; };
		61DE6D511AB909070086B1C3 /* LaunchScreen.xib in Resources */ = {isa = PBXBuildFile; fileRef = 61DE6D4F1AB909070086B1C3 /* LaunchScreen.xib */; };
		61DE6D5D1AB909070086B1C3 /* rc_controllerTests.swift in Sources */ = {isa = PBXBuildFile; fileRef = 61DE6D5C1AB909070086B1C3 /* rc_controllerTests.swift */; };
		61DE6D691AB909200086B1C3 /* JoyStickView.m in Sources */ = {isa = PBXBuildFile; fileRef = 61DE6D681AB909200086B1C3 /* JoyStickView.m */; };
		61DE6D6D1AB90A840086B1C3 /* stick_base.png in Resources */ = {isa = PBXBuildFile; fileRef = 61DE6D6A1AB90A840086B1C3 /* stick_base.png */; };
		61DE6D6E1AB90A840086B1C3 /* stick_hold.png in Resources */ = {isa = PBXBuildFile; fileRef = 61DE6D6B1AB90A840086B1C3 /* stick_hold.png */; };
		61DE6D6F1AB90A840086B1C3 /* stick_normal.png in Resources */ = {isa = PBXBuildFile; fileRef = 61DE6D6C1AB90A840086B1C3 /* stick_normal.png */; };
		61DE6D711AB9188E0086B1C3 /* CoreBluetooth.framework in Frameworks */ = {isa = PBXBuildFile; fileRef = 61DE6D701AB9188E0086B1C3 /* CoreBluetooth.framework */; };
		61DE6D731AB920DA0086B1C3 /* ExternalAccessory.framework in Frameworks */ = {isa = PBXBuildFile; fileRef = 61DE6D721AB920DA0086B1C3 /* ExternalAccessory.framework */; };
/* End PBXBuildFile section */

/* Begin PBXContainerItemProxy section */
		61DE6D571AB909070086B1C3 /* PBXContainerItemProxy */ = {
			isa = PBXContainerItemProxy;
			containerPortal = 61DE6D391AB909070086B1C3 /* Project object */;
			proxyType = 1;
			remoteGlobalIDString = 61DE6D401AB909070086B1C3;
			remoteInfo = "rc-controller";
		};
/* End PBXContainerItemProxy section */

/* Begin PBXFileReference section */
		61B4CEDD1ABD099F00699187 /* ScanController.swift */ = {isa = PBXFileReference; fileEncoding = 4; lastKnownFileType = sourcecode.swift; path = ScanController.swift; sourceTree = "<group>"; };
		61B4CEDF1ABD0D3D00699187 /* ChooseDeviceController.swift */ = {isa = PBXFileReference; fileEncoding = 4; lastKnownFileType = sourcecode.swift; path = ChooseDeviceController.swift; sourceTree = "<group>"; };
		61DE6D411AB909070086B1C3 /* rc-controller.app */ = {isa = PBXFileReference; explicitFileType = wrapper.application; includeInIndex = 0; path = "rc-controller.app"; sourceTree = BUILT_PRODUCTS_DIR; };
		61DE6D451AB909070086B1C3 /* Info.plist */ = {isa = PBXFileReference; lastKnownFileType = text.plist.xml; path = Info.plist; sourceTree = "<group>"; };
		61DE6D461AB909070086B1C3 /* AppDelegate.swift */ = {isa = PBXFileReference; lastKnownFileType = sourcecode.swift; path = AppDelegate.swift; sourceTree = "<group>"; };
		61DE6D481AB909070086B1C3 /* RemoteController.swift */ = {isa = PBXFileReference; lastKnownFileType = sourcecode.swift; path = RemoteController.swift; sourceTree = "<group>"; };
		61DE6D4B1AB909070086B1C3 /* Base */ = {isa = PBXFileReference; lastKnownFileType = file.storyboard; name = Base; path = Base.lproj/Main.storyboard; sourceTree = "<group>"; };
		61DE6D4D1AB909070086B1C3 /* Images.xcassets */ = {isa = PBXFileReference; lastKnownFileType = folder.assetcatalog; path = Images.xcassets; sourceTree = "<group>"; };
		61DE6D501AB909070086B1C3 /* Base */ = {isa = PBXFileReference; lastKnownFileType = file.xib; name = Base; path = Base.lproj/LaunchScreen.xib; sourceTree = "<group>"; };
		61DE6D561AB909070086B1C3 /* rc-controllerTests.xctest */ = {isa = PBXFileReference; explicitFileType = wrapper.cfbundle; includeInIndex = 0; path = "rc-controllerTests.xctest"; sourceTree = BUILT_PRODUCTS_DIR; };
		61DE6D5B1AB909070086B1C3 /* Info.plist */ = {isa = PBXFileReference; lastKnownFileType = text.plist.xml; path = Info.plist; sourceTree = "<group>"; };
		61DE6D5C1AB909070086B1C3 /* rc_controllerTests.swift */ = {isa = PBXFileReference; lastKnownFileType = sourcecode.swift; path = rc_controllerTests.swift; sourceTree = "<group>"; };
		61DE6D661AB909200086B1C3 /* rc-controller-Bridging-Header.h */ = {isa = PBXFileReference; lastKnownFileType = sourcecode.c.h; path = "rc-controller-Bridging-Header.h"; sourceTree = "<group>"; };
		61DE6D671AB909200086B1C3 /* JoyStickView.h */ = {isa = PBXFileReference; fileEncoding = 4; lastKnownFileType = sourcecode.c.h; path = JoyStickView.h; sourceTree = "<group>"; };
		61DE6D681AB909200086B1C3 /* JoyStickView.m */ = {isa = PBXFileReference; fileEncoding = 4; lastKnownFileType = sourcecode.c.objc; path = JoyStickView.m; sourceTree = "<group>"; };
		61DE6D6A1AB90A840086B1C3 /* stick_base.png */ = {isa = PBXFileReference; lastKnownFileType = image.png; path = stick_base.png; sourceTree = "<group>"; };
		61DE6D6B1AB90A840086B1C3 /* stick_hold.png */ = {isa = PBXFileReference; lastKnownFileType = image.png; path = stick_hold.png; sourceTree = "<group>"; };
		61DE6D6C1AB90A840086B1C3 /* stick_normal.png */ = {isa = PBXFileReference; lastKnownFileType = image.png; path = stick_normal.png; sourceTree = "<group>"; };
		61DE6D701AB9188E0086B1C3 /* CoreBluetooth.framework */ = {isa = PBXFileReference; lastKnownFileType = wrapper.framework; name = CoreBluetooth.framework; path = System/Library/Frameworks/CoreBluetooth.framework; sourceTree = SDKROOT; };
		61DE6D721AB920DA0086B1C3 /* ExternalAccessory.framework */ = {isa = PBXFileReference; lastKnownFileType = wrapper.framework; name = ExternalAccessory.framework; path = System/Library/Frameworks/ExternalAccessory.framework; sourceTree = SDKROOT; };
		61DE6D741AB920DA0086B1C3 /* rc-controller.entitlements */ = {isa = PBXFileReference; lastKnownFileType = text.xml; path = "rc-controller.entitlements"; sourceTree = "<group>"; };
/* End PBXFileReference section */

/* Begin PBXFrameworksBuildPhase section */
		61DE6D3E1AB909070086B1C3 /* Frameworks */ = {
			isa = PBXFrameworksBuildPhase;
			buildActionMask = 2147483647;
			files = (
				61DE6D731AB920DA0086B1C3 /* ExternalAccessory.framework in Frameworks */,
				61DE6D711AB9188E0086B1C3 /* CoreBluetooth.framework in Frameworks */,
			);
			runOnlyForDeploymentPostprocessing = 0;
		};
		61DE6D531AB909070086B1C3 /* Frameworks */ = {
			isa = PBXFrameworksBuildPhase;
			buildActionMask = 2147483647;
			files = (
			);
			runOnlyForDeploymentPostprocessing = 0;
		};
/* End PBXFrameworksBuildPhase section */

/* Begin PBXGroup section */
		61DE6D381AB909070086B1C3 = {
			isa = PBXGroup;
			children = (
				61DE6D721AB920DA0086B1C3 /* ExternalAccessory.framework */,
				61DE6D701AB9188E0086B1C3 /* CoreBluetooth.framework */,
				61DE6D6A1AB90A840086B1C3 /* stick_base.png */,
				61DE6D6B1AB90A840086B1C3 /* stick_hold.png */,
				61DE6D6C1AB90A840086B1C3 /* stick_normal.png */,
				61DE6D431AB909070086B1C3 /* rc-controller */,
				61DE6D591AB909070086B1C3 /* rc-controllerTests */,
				61DE6D421AB909070086B1C3 /* Products */,
			);
			sourceTree = "<group>";
		};
		61DE6D421AB909070086B1C3 /* Products */ = {
			isa = PBXGroup;
			children = (
				61DE6D411AB909070086B1C3 /* rc-controller.app */,
				61DE6D561AB909070086B1C3 /* rc-controllerTests.xctest */,
			);
			name = Products;
			sourceTree = "<group>";
		};
		61DE6D431AB909070086B1C3 /* rc-controller */ = {
			isa = PBXGroup;
			children = (
				61DE6D741AB920DA0086B1C3 /* rc-controller.entitlements */,
				61DE6D671AB909200086B1C3 /* JoyStickView.h */,
				61DE6D681AB909200086B1C3 /* JoyStickView.m */,
				61DE6D461AB909070086B1C3 /* AppDelegate.swift */,
				61DE6D481AB909070086B1C3 /* RemoteController.swift */,
				61DE6D4A1AB909070086B1C3 /* Main.storyboard */,
				61DE6D4D1AB909070086B1C3 /* Images.xcassets */,
				61DE6D4F1AB909070086B1C3 /* LaunchScreen.xib */,
				61DE6D441AB909070086B1C3 /* Supporting Files */,
				61DE6D661AB909200086B1C3 /* rc-controller-Bridging-Header.h */,
				61B4CEDD1ABD099F00699187 /* ScanController.swift */,
				61B4CEDF1ABD0D3D00699187 /* ChooseDeviceController.swift */,
			);
			path = "rc-controller";
			sourceTree = "<group>";
		};
		61DE6D441AB909070086B1C3 /* Supporting Files */ = {
			isa = PBXGroup;
			children = (
				61DE6D451AB909070086B1C3 /* Info.plist */,
			);
			name = "Supporting Files";
			sourceTree = "<group>";
		};
		61DE6D591AB909070086B1C3 /* rc-controllerTests */ = {
			isa = PBXGroup;
			children = (
				61DE6D5C1AB909070086B1C3 /* rc_controllerTests.swift */,
				61DE6D5A1AB909070086B1C3 /* Supporting Files */,
			);
			path = "rc-controllerTests";
			sourceTree = "<group>";
		};
		61DE6D5A1AB909070086B1C3 /* Supporting Files */ = {
			isa = PBXGroup;
			children = (
				61DE6D5B1AB909070086B1C3 /* Info.plist */,
			);
			name = "Supporting Files";
			sourceTree = "<group>";
		};
/* End PBXGroup section */

/* Begin PBXNativeTarget section */
		61DE6D401AB909070086B1C3 /* rc-controller */ = {
			isa = PBXNativeTarget;
			buildConfigurationList = 61DE6D601AB909070086B1C3 /* Build configuration list for PBXNativeTarget "rc-controller" */;
			buildPhases = (
				61DE6D3D1AB909070086B1C3 /* Sources */,
				61DE6D3E1AB909070086B1C3 /* Frameworks */,
				61DE6D3F1AB909070086B1C3 /* Resources */,
			);
			buildRules = (
			);
			dependencies = (
			);
			name = "rc-controller";
			productName = "rc-controller";
			productReference = 61DE6D411AB909070086B1C3 /* rc-controller.app */;
			productType = "com.apple.product-type.application";
		};
		61DE6D551AB909070086B1C3 /* rc-controllerTests */ = {
			isa = PBXNativeTarget;
			buildConfigurationList = 61DE6D631AB909070086B1C3 /* Build configuration list for PBXNativeTarget "rc-controllerTests" */;
			buildPhases = (
				61DE6D521AB909070086B1C3 /* Sources */,
				61DE6D531AB909070086B1C3 /* Frameworks */,
				61DE6D541AB909070086B1C3 /* Resources */,
			);
			buildRules = (
			);
			dependencies = (
				61DE6D581AB909070086B1C3 /* PBXTargetDependency */,
			);
			name = "rc-controllerTests";
			productName = "rc-controllerTests";
			productReference = 61DE6D561AB909070086B1C3 /* rc-controllerTests.xctest */;
			productType = "com.apple.product-type.bundle.unit-test";
		};
/* End PBXNativeTarget section */

/* Begin PBXProject section */
		61DE6D391AB909070086B1C3 /* Project object */ = {
			isa = PBXProject;
			attributes = {
				LastUpgradeCheck = 0620;
				ORGANIZATIONNAME = "Mike Mayo";
				TargetAttributes = {
					61DE6D401AB909070086B1C3 = {
						CreatedOnToolsVersion = 6.2;
						DevelopmentTeam = Q67YZ6BUYV;
						SystemCapabilities = {
							com.apple.WAC = {
								enabled = 1;
							};
						};
					};
					61DE6D551AB909070086B1C3 = {
						CreatedOnToolsVersion = 6.2;
						TestTargetID = 61DE6D401AB909070086B1C3;
					};
				};
			};
			buildConfigurationList = 61DE6D3C1AB909070086B1C3 /* Build configuration list for PBXProject "rc-controller" */;
			compatibilityVersion = "Xcode 3.2";
			developmentRegion = English;
			hasScannedForEncodings = 0;
			knownRegions = (
				en,
				Base,
			);
			mainGroup = 61DE6D381AB909070086B1C3;
			productRefGroup = 61DE6D421AB909070086B1C3 /* Products */;
			projectDirPath = "";
			projectRoot = "";
			targets = (
				61DE6D401AB909070086B1C3 /* rc-controller */,
				61DE6D551AB909070086B1C3 /* rc-controllerTests */,
			);
		};
/* End PBXProject section */

/* Begin PBXResourcesBuildPhase section */
		61DE6D3F1AB909070086B1C3 /* Resources */ = {
			isa = PBXResourcesBuildPhase;
			buildActionMask = 2147483647;
			files = (
				61DE6D6E1AB90A840086B1C3 /* stick_hold.png in Resources */,
				61DE6D4C1AB909070086B1C3 /* Main.storyboard in Resources */,
				61DE6D6D1AB90A840086B1C3 /* stick_base.png in Resources */,
				61DE6D6F1AB90A840086B1C3 /* stick_normal.png in Resources */,
				61DE6D511AB909070086B1C3 /* LaunchScreen.xib in Resources */,
				61DE6D4E1AB909070086B1C3 /* Images.xcassets in Resources */,
			);
			runOnlyForDeploymentPostprocessing = 0;
		};
		61DE6D541AB909070086B1C3 /* Resources */ = {
			isa = PBXResourcesBuildPhase;
			buildActionMask = 2147483647;
			files = (
			);
			runOnlyForDeploymentPostprocessing = 0;
		};
/* End PBXResourcesBuildPhase section */

/* Begin PBXSourcesBuildPhase section */
		61DE6D3D1AB909070086B1C3 /* Sources */ = {
			isa = PBXSourcesBuildPhase;
			buildActionMask = 2147483647;
			files = (
				61B4CEDE1ABD099F00699187 /* ScanController.swift in Sources */,
				61DE6D491AB909070086B1C3 /* RemoteController.swift in Sources */,
				61B4CEE01ABD0D3D00699187 /* ChooseDeviceController.swift in Sources */,
				61DE6D691AB909200086B1C3 /* JoyStickView.m in Sources */,
				61DE6D471AB909070086B1C3 /* AppDelegate.swift in Sources */,
			);
			runOnlyForDeploymentPostprocessing = 0;
		};
		61DE6D521AB909070086B1C3 /* Sources */ = {
			isa = PBXSourcesBuildPhase;
			buildActionMask = 2147483647;
			files = (
				61DE6D5D1AB909070086B1C3 /* rc_controllerTests.swift in Sources */,
			);
			runOnlyForDeploymentPostprocessing = 0;
		};
/* End PBXSourcesBuildPhase section */

/* Begin PBXTargetDependency section */
		61DE6D581AB909070086B1C3 /* PBXTargetDependency */ = {
			isa = PBXTargetDependency;
			target = 61DE6D401AB909070086B1C3 /* rc-controller */;
			targetProxy = 61DE6D571AB909070086B1C3 /* PBXContainerItemProxy */;
		};
/* End PBXTargetDependency section */

/* Begin PBXVariantGroup section */
		61DE6D4A1AB909070086B1C3 /* Main.storyboard */ = {
			isa = PBXVariantGroup;
			children = (
				61DE6D4B1AB909070086B1C3 /* Base */,
			);
			name = Main.storyboard;
			sourceTree = "<group>";
		};
		61DE6D4F1AB909070086B1C3 /* LaunchScreen.xib */ = {
			isa = PBXVariantGroup;
			children = (
				61DE6D501AB909070086B1C3 /* Base */,
			);
			name = LaunchScreen.xib;
			sourceTree = "<group>";
		};
/* End PBXVariantGroup section */

/* Begin XCBuildConfiguration section */
		61DE6D5E1AB909070086B1C3 /* Debug */ = {
			isa = XCBuildConfiguration;
			buildSettings = {
				ALWAYS_SEARCH_USER_PATHS = NO;
				CLANG_CXX_LANGUAGE_STANDARD = "gnu++0x";
				CLANG_CXX_LIBRARY = "libc++";
				CLANG_ENABLE_MODULES = YES;
				CLANG_ENABLE_OBJC_ARC = YES;
				CLANG_WARN_BOOL_CONVERSION = YES;
				CLANG_WARN_CONSTANT_CONVERSION = YES;
				CLANG_WARN_DIRECT_OBJC_ISA_USAGE = YES_ERROR;
				CLANG_WARN_EMPTY_BODY = YES;
				CLANG_WARN_ENUM_CONVERSION = YES;
				CLANG_WARN_INT_CONVERSION = YES;
				CLANG_WARN_OBJC_ROOT_CLASS = YES_ERROR;
				CLANG_WARN_UNREACHABLE_CODE = YES;
				CLANG_WARN__DUPLICATE_METHOD_MATCH = YES;
				"CODE_SIGN_IDENTITY[sdk=iphoneos*]" = "iPhone Developer";
				COPY_PHASE_STRIP = NO;
				ENABLE_STRICT_OBJC_MSGSEND = YES;
				GCC_C_LANGUAGE_STANDARD = gnu99;
				GCC_DYNAMIC_NO_PIC = NO;
				GCC_OPTIMIZATION_LEVEL = 0;
				GCC_PREPROCESSOR_DEFINITIONS = (
					"DEBUG=1",
					"$(inherited)",
				);
				GCC_SYMBOLS_PRIVATE_EXTERN = NO;
				GCC_WARN_64_TO_32_BIT_CONVERSION = YES;
				GCC_WARN_ABOUT_RETURN_TYPE = YES_ERROR;
				GCC_WARN_UNDECLARED_SELECTOR = YES;
				GCC_WARN_UNINITIALIZED_AUTOS = YES_AGGRESSIVE;
				GCC_WARN_UNUSED_FUNCTION = YES;
				GCC_WARN_UNUSED_VARIABLE = YES;
				IPHONEOS_DEPLOYMENT_TARGET = 8.2;
				MTL_ENABLE_DEBUG_INFO = YES;
				ONLY_ACTIVE_ARCH = YES;
				SDKROOT = iphoneos;
				SWIFT_OPTIMIZATION_LEVEL = "-Onone";
				TARGETED_DEVICE_FAMILY = "1,2";
			};
			name = Debug;
		};
		61DE6D5F1AB909070086B1C3 /* Release */ = {
			isa = XCBuildConfiguration;
			buildSettings = {
				ALWAYS_SEARCH_USER_PATHS = NO;
				CLANG_CXX_LANGUAGE_STANDARD = "gnu++0x";
				CLANG_CXX_LIBRARY = "libc++";
				CLANG_ENABLE_MODULES = YES;
				CLANG_ENABLE_OBJC_ARC = YES;
				CLANG_WARN_BOOL_CONVERSION = YES;
				CLANG_WARN_CONSTANT_CONVERSION = YES;
				CLANG_WARN_DIRECT_OBJC_ISA_USAGE = YES_ERROR;
				CLANG_WARN_EMPTY_BODY = YES;
				CLANG_WARN_ENUM_CONVERSION = YES;
				CLANG_WARN_INT_CONVERSION = YES;
				CLANG_WARN_OBJC_ROOT_CLASS = YES_ERROR;
				CLANG_WARN_UNREACHABLE_CODE = YES;
				CLANG_WARN__DUPLICATE_METHOD_MATCH = YES;
				"CODE_SIGN_IDENTITY[sdk=iphoneos*]" = "iPhone Developer";
				COPY_PHASE_STRIP = NO;
				ENABLE_NS_ASSERTIONS = NO;
				ENABLE_STRICT_OBJC_MSGSEND = YES;
				GCC_C_LANGUAGE_STANDARD = gnu99;
				GCC_WARN_64_TO_32_BIT_CONVERSION = YES;
				GCC_WARN_ABOUT_RETURN_TYPE = YES_ERROR;
				GCC_WARN_UNDECLARED_SELECTOR = YES;
				GCC_WARN_UNINITIALIZED_AUTOS = YES_AGGRESSIVE;
				GCC_WARN_UNUSED_FUNCTION = YES;
				GCC_WARN_UNUSED_VARIABLE = YES;
				IPHONEOS_DEPLOYMENT_TARGET = 8.2;
				MTL_ENABLE_DEBUG_INFO = NO;
				SDKROOT = iphoneos;
				TARGETED_DEVICE_FAMILY = "1,2";
				VALIDATE_PRODUCT = YES;
			};
			name = Release;
		};
		61DE6D611AB909070086B1C3 /* Debug */ = {
			isa = XCBuildConfiguration;
			buildSettings = {
				ASSETCATALOG_COMPILER_APPICON_NAME = AppIcon;
				CLANG_ENABLE_MODULES = YES;
				CODE_SIGN_ENTITLEMENTS = "rc-controller/rc-controller.entitlements";
				CODE_SIGN_IDENTITY = "iPhone Developer";
				"CODE_SIGN_IDENTITY[sdk=iphoneos*]" = "iPhone Developer";
				INFOPLIST_FILE = "rc-controller/Info.plist";
				LD_RUNPATH_SEARCH_PATHS = "$(inherited) @executable_path/Frameworks";
				PRODUCT_NAME = "$(TARGET_NAME)";
				PROVISIONING_PROFILE = "";
				SWIFT_OBJC_BRIDGING_HEADER = "rc-controller/rc-controller-Bridging-Header.h";
				SWIFT_OPTIMIZATION_LEVEL = "-Onone";
			};
			name = Debug;
		};
		61DE6D621AB909070086B1C3 /* Release */ = {
			isa = XCBuildConfiguration;
			buildSettings = {
				ASSETCATALOG_COMPILER_APPICON_NAME = AppIcon;
				CLANG_ENABLE_MODULES = YES;
				CODE_SIGN_ENTITLEMENTS = "rc-controller/rc-controller.entitlements";
				CODE_SIGN_IDENTITY = "iPhone Developer";
				"CODE_SIGN_IDENTITY[sdk=iphoneos*]" = "iPhone Developer";
				INFOPLIST_FILE = "rc-controller/Info.plist";
				LD_RUNPATH_SEARCH_PATHS = "$(inherited) @executable_path/Frameworks";
				PRODUCT_NAME = "$(TARGET_NAME)";
				PROVISIONING_PROFILE = "";
				SWIFT_OBJC_BRIDGING_HEADER = "rc-controller/rc-controller-Bridging-Header.h";
			};
			name = Release;
		};
		61DE6D641AB909070086B1C3 /* Debug */ = {
			isa = XCBuildConfiguration;
			buildSettings = {
				BUNDLE_LOADER = "$(TEST_HOST)";
				FRAMEWORK_SEARCH_PATHS = (
					"$(SDKROOT)/Developer/Library/Frameworks",
					"$(inherited)",
				);
				GCC_PREPROCESSOR_DEFINITIONS = (
					"DEBUG=1",
					"$(inherited)",
				);
				INFOPLIST_FILE = "rc-controllerTests/Info.plist";
				LD_RUNPATH_SEARCH_PATHS = "$(inherited) @executable_path/Frameworks @loader_path/Frameworks";
				PRODUCT_NAME = "$(TARGET_NAME)";
				TEST_HOST = "$(BUILT_PRODUCTS_DIR)/rc-controller.app/rc-controller";
			};
			name = Debug;
		};
		61DE6D651AB909070086B1C3 /* Release */ = {
			isa = XCBuildConfiguration;
			buildSettings = {
				BUNDLE_LOADER = "$(TEST_HOST)";
				FRAMEWORK_SEARCH_PATHS = (
					"$(SDKROOT)/Developer/Library/Frameworks",
					"$(inherited)",
				);
				INFOPLIST_FILE = "rc-controllerTests/Info.plist";
				LD_RUNPATH_SEARCH_PATHS = "$(inherited) @executable_path/Frameworks @loader_path/Frameworks";
				PRODUCT_NAME = "$(TARGET_NAME)";
				TEST_HOST = "$(BUILT_PRODUCTS_DIR)/rc-controller.app/rc-controller";
			};
			name = Release;
		};
/* End XCBuildConfiguration section */

/* Begin XCConfigurationList section */
		61DE6D3C1AB909070086B1C3 /* Build configuration list for PBXProject "rc-controller" */ = {
			isa = XCConfigurationList;
			buildConfigurations = (
				61DE6D5E1AB909070086B1C3 /* Debug */,
				61DE6D5F1AB909070086B1C3 /* Release */,
			);
			defaultConfigurationIsVisible = 0;
			defaultConfigurationName = Release;
		};
		61DE6D601AB909070086B1C3 /* Build configuration list for PBXNativeTarget "rc-controller" */ = {
			isa = XCConfigurationList;
			buildConfigurations = (
				61DE6D611AB909070086B1C3 /* Debug */,
				61DE6D621AB909070086B1C3 /* Release */,
			);
			defaultConfigurationIsVisible = 0;
			defaultConfigurationName = Release;
		};
		61DE6D631AB909070086B1C3 /* Build configuration list for PBXNativeTarget "rc-controllerTests" */ = {
			isa = XCConfigurationList;
			buildConfigurations = (
				61DE6D641AB909070086B1C3 /* Debug */,
				61DE6D651AB909070086B1C3 /* Release */,
			);
			defaultConfigurationIsVisible = 0;
			defaultConfigurationName = Release;
		};
/* End XCConfigurationList section */
	};
	rootObject = 61DE6D391AB909070086B1C3 /* Project object */;
}
